<?xml version="1.0" encoding="utf-8"?>
<Project ToolsVersion="4.0" xmlns="http://schemas.microsoft.com/developer/msbuild/2003">
  <ItemGroup>
    <Filter Include="Source Files">
      <UniqueIdentifier>{4FC737F1-C7A5-4376-A066-2A32D752A2FF}</UniqueIdentifier>
      <Extensions>cpp;c;cc;cxx;def;odl;idl;hpj;bat;asm;asmx</Extensions>
    </Filter>
    <Filter Include="Header Files">
      <UniqueIdentifier>{93995380-89BD-4b04-88EB-625FBE52EBFB}</UniqueIdentifier>
      <Extensions>h;hh;hpp;hxx;hm;inl;inc;xsd</Extensions>
    </Filter>
    <Filter Include="Resource Files">
      <UniqueIdentifier>{67DA6AB6-F800-4c08-8B7A-83BB121AAD01}</UniqueIdentifier>
      <Extensions>rc;ico;cur;bmp;dlg;rc2;rct;bin;rgs;gif;jpg;jpeg;jpe;resx;tiff;tif;png;wav;mfcribbon-ms</Extensions>
    </Filter>
    <Filter Include="Header Files\Effects">
      <UniqueIdentifier>{efe575ae-a245-4be3-8205-7fa06bfebb88}</UniqueIdentifier>
    </Filter>
    <Filter Include="Source Files\Effects">
      <UniqueIdentifier>{9e89a4a0-7996-4696-a607-d5d24aeec990}</UniqueIdentifier>
    </Filter>
    <Filter Include="Source Files\Math">
      <UniqueIdentifier>{43e90b94-32d4-4891-a091-141a54c3d3f6}</UniqueIdentifier>
    </Filter>
    <Filter Include="Source Files\Engine">
      <UniqueIdentifier>{1b35f53b-b083-4f65-8d0f-f54032049802}</UniqueIdentifier>
    </Filter>
    <Filter Include="Source Files\Utils">
      <UniqueIdentifier>{abcf02a9-4e62-464c-828f-f374eeb83a30}</UniqueIdentifier>
    </Filter>
    <Filter Include="Header Files\Math">
      <UniqueIdentifier>{cc0dbbb7-bf9d-4c76-90da-17192d5d4188}</UniqueIdentifier>
    </Filter>
    <Filter Include="Header Files\Engine">
      <UniqueIdentifier>{9e56335c-5944-48e1-b520-e0d39b5e28ab}</UniqueIdentifier>
    </Filter>
    <Filter Include="Header Files\Utils">
      <UniqueIdentifier>{bb793eed-2cc2-4444-82a6-a0384c3dae79}</UniqueIdentifier>
    </Filter>
    <Filter Include="Source Files\Scenes">
      <UniqueIdentifier>{609ac600-a072-444b-beee-2360e12c1119}</UniqueIdentifier>
    </Filter>
    <Filter Include="Header Files\Scenes">
      <UniqueIdentifier>{e6d49890-8e6e-4ac1-bbbe-29d4ddbc6d92}</UniqueIdentifier>
    </Filter>
    <Filter Include="Source Files\Engine\Graphics">
      <UniqueIdentifier>{44608074-e4b0-4a3a-b5b4-758aecb4319d}</UniqueIdentifier>
    </Filter>
    <Filter Include="Header Files\Engine\Graphics">
      <UniqueIdentifier>{f0d4987f-b481-4f03-b7db-ff9810f8f80a}</UniqueIdentifier>
    </Filter>
    <Filter Include="Header Files\Engine\Physics">
      <UniqueIdentifier>{31e85d73-0d71-47dc-92a0-2a4e8129e635}</UniqueIdentifier>
    </Filter>
    <Filter Include="Source Files\Engine\Physics">
      <UniqueIdentifier>{51825601-c0b1-4802-bbda-7607ab5919ad}</UniqueIdentifier>
    </Filter>
    <Filter Include="Header Files\Engine\Input">
      <UniqueIdentifier>{81cd882e-3615-401f-bbcc-cd0f08883e1d}</UniqueIdentifier>
    </Filter>
    <Filter Include="Source Files\Engine\Input">
      <UniqueIdentifier>{ef901df1-58e3-4b3b-8a38-1c513e792d5d}</UniqueIdentifier>
    </Filter>
    <Filter Include="Source Files\Engine\Backend">
      <UniqueIdentifier>{476d4fe4-fc95-4108-b816-dd89a5105218}</UniqueIdentifier>
    </Filter>
    <Filter Include="Header Files\Engine\Graphics\PostProcessing">
      <UniqueIdentifier>{1908b657-e3fa-4c0f-aafe-aaa764f8f643}</UniqueIdentifier>
    </Filter>
    <Filter Include="Source Files\Engine\Graphics\PostProcessing">
      <UniqueIdentifier>{29ede967-39e3-484d-a8a3-dd04eaeb458f}</UniqueIdentifier>
    </Filter>
    <Filter Include="Source Files\Entity-Component">
      <UniqueIdentifier>{62301216-b67c-4a8a-a05d-f2a922cf8b37}</UniqueIdentifier>
    </Filter>
    <Filter Include="Header Files\Entity-Component">
      <UniqueIdentifier>{c32fb240-cab0-44ef-9c06-bfc1a49bed2a}</UniqueIdentifier>
    </Filter>
    <Filter Include="Header Files\Entity-Component\Components">
      <UniqueIdentifier>{b221ed85-ba3e-4271-8613-22f280c4e2ec}</UniqueIdentifier>
    </Filter>
    <Filter Include="Source Files\Entity-Component\Components">
      <UniqueIdentifier>{780dac1e-5760-4503-85bb-3d6e6a5be8f9}</UniqueIdentifier>
    </Filter>
    <Filter Include="Header Files\Map">
      <UniqueIdentifier>{a639ed71-6675-4a88-9951-8acbecd2271e}</UniqueIdentifier>
    </Filter>
    <Filter Include="Source Files\Engine\Graphics\Resource Management">
      <UniqueIdentifier>{f2dbc4b2-d70a-4ab9-8375-a6cc542b106c}</UniqueIdentifier>
    </Filter>
    <Filter Include="Source Files\Map Management">
      <UniqueIdentifier>{be215ced-f51b-4b0a-a2da-66e8ffc67210}</UniqueIdentifier>
    </Filter>
    <Filter Include="Source Files\Audio">
      <UniqueIdentifier>{7489d2ee-713f-453a-9512-265e06b6b725}</UniqueIdentifier>
    </Filter>
    <Filter Include="Header Files\Audio">
      <UniqueIdentifier>{da2aef37-ab37-4420-9ed0-7edcfdd47b6e}</UniqueIdentifier>
    </Filter>
    <Filter Include="Header Files\Engine\Graphics\Resource Management">
      <UniqueIdentifier>{ffa976fd-c1f7-4254-9a7d-3e7293791e20}</UniqueIdentifier>
    </Filter>
    <Filter Include="Shaders">
      <UniqueIdentifier>{6e5001c4-1ab1-4428-be85-4ecc0d74202a}</UniqueIdentifier>
    </Filter>
    <Filter Include="Header Files\Engine\Graphics\Fonts">
      <UniqueIdentifier>{67e39002-ce46-476d-b158-6f040eb6c0c8}</UniqueIdentifier>
    </Filter>
    <Filter Include="Source Files\Engine\Graphics\Fonts">
      <UniqueIdentifier>{3cc710e6-9bb5-4e79-bb63-cf4e3262103d}</UniqueIdentifier>
    </Filter>
  </ItemGroup>
  <ItemGroup>
    <ClInclude Include="src\scenes.h">
      <Filter>Header Files\Scenes</Filter>
    </ClInclude>
    <ClInclude Include="src\scene.h">
      <Filter>Header Files\Scenes</Filter>
    </ClInclude>
    <ClInclude Include="src\scene_manager.h">
      <Filter>Header Files\Scenes</Filter>
    </ClInclude>
    <ClInclude Include="src\scene_world.h">
      <Filter>Header Files\Scenes</Filter>
    </ClInclude>
    <ClInclude Include="src\effect.h">
      <Filter>Header Files\Effects</Filter>
    </ClInclude>
    <ClInclude Include="src\basicEffect.h">
      <Filter>Header Files\Effects</Filter>
    </ClInclude>
    <ClInclude Include="src\array2d.h">
      <Filter>Header Files\Utils</Filter>
    </ClInclude>
    <ClInclude Include="src\array3d.h">
      <Filter>Header Files\Utils</Filter>
    </ClInclude>
    <ClInclude Include="src\callbacks.h">
      <Filter>Header Files\Engine</Filter>
    </ClInclude>
    <ClInclude Include="src\mat4f.h">
      <Filter>Header Files\Math</Filter>
    </ClInclude>
    <ClInclude Include="src\math.h">
      <Filter>Header Files\Math</Filter>
    </ClInclude>
    <ClInclude Include="src\mathutils.h">
      <Filter>Header Files\Math</Filter>
    </ClInclude>
    <ClInclude Include="src\mesh.h">
      <Filter>Header Files\Engine\Graphics</Filter>
    </ClInclude>
    <ClInclude Include="src\model.h">
      <Filter>Header Files\Engine\Graphics</Filter>
    </ClInclude>
    <ClInclude Include="src\vertex.h">
      <Filter>Header Files\Engine\Graphics</Filter>
    </ClInclude>
    <ClInclude Include="src\utils.h">
      <Filter>Header Files\Utils</Filter>
    </ClInclude>
    <ClInclude Include="src\vector3f.h">
      <Filter>Header Files\Math</Filter>
    </ClInclude>
    <ClInclude Include="src\shadowMapFBO.h">
      <Filter>Header Files\Engine\Graphics</Filter>
    </ClInclude>
    <ClInclude Include="src\glutBackend.h">
      <Filter>Header Files\Engine</Filter>
    </ClInclude>
    <ClInclude Include="src\define.h">
      <Filter>Header Files\Utils</Filter>
    </ClInclude>
    <ClInclude Include="src\game.h">
      <Filter>Header Files\Engine</Filter>
    </ClInclude>
    <ClInclude Include="src\transform.h">
      <Filter>Header Files\Engine\Graphics</Filter>
    </ClInclude>
    <ClInclude Include="src\texture.h">
      <Filter>Header Files\Engine\Graphics</Filter>
    </ClInclude>
    <ClInclude Include="src\elapsedTime.h">
      <Filter>Header Files\Engine</Filter>
    </ClInclude>
    <ClInclude Include="src\textureatlas.h">
      <Filter>Header Files\Engine\Graphics</Filter>
    </ClInclude>
    <ClInclude Include="src\input_manager.h">
      <Filter>Header Files\Engine\Input</Filter>
    </ClInclude>
    <ClInclude Include="src\key_status.h">
      <Filter>Header Files\Engine\Input</Filter>
    </ClInclude>
    <ClInclude Include="src\physics.h">
      <Filter>Header Files\Engine\Physics</Filter>
    </ClInclude>
    <ClInclude Include="src\physics_2d.h">
      <Filter>Header Files\Engine\Physics</Filter>
    </ClInclude>
    <ClInclude Include="src\animation.h">
      <Filter>Header Files\Engine\Graphics</Filter>
    </ClInclude>
    <ClInclude Include="src\blurEffect.h">
      <Filter>Header Files\Effects</Filter>
    </ClInclude>
    <ClInclude Include="src\define_gl.h">
      <Filter>Header Files\Utils</Filter>
    </ClInclude>
    <ClInclude Include="src\bloomEffect.h">
      <Filter>Header Files\Effects</Filter>
    </ClInclude>
    <ClInclude Include="src\combineEffect.h">
      <Filter>Header Files\Effects</Filter>
    </ClInclude>
    <ClInclude Include="src\bloom.h">
      <Filter>Header Files\Engine\Graphics\PostProcessing</Filter>
    </ClInclude>
    <ClInclude Include="src\trail.h">
      <Filter>Header Files\Engine\Graphics\PostProcessing</Filter>
    </ClInclude>
    <ClInclude Include="src\transparencyEffect.h">
      <Filter>Header Files\Effects</Filter>
    </ClInclude>
    <ClInclude Include="src\postProcessingEffect.h">
      <Filter>Header Files\Effects</Filter>
    </ClInclude>
    <ClInclude Include="src\entity.h">
      <Filter>Header Files\Entity-Component</Filter>
    </ClInclude>
    <ClInclude Include="src\iComponent.h">
      <Filter>Header Files\Entity-Component</Filter>
    </ClInclude>
    <ClInclude Include="src\playerGraphicsComponent.h">
      <Filter>Header Files\Entity-Component\Components</Filter>
    </ClInclude>
    <ClInclude Include="src\graphicsComponent.h">
      <Filter>Header Files\Entity-Component</Filter>
    </ClInclude>
    <ClInclude Include="src\inputComponent.h">
      <Filter>Header Files\Entity-Component</Filter>
    </ClInclude>
    <ClInclude Include="src\physicsComponent.h">
      <Filter>Header Files\Entity-Component</Filter>
    </ClInclude>
    <ClInclude Include="src\playerInputComponent.h">
      <Filter>Header Files\Entity-Component\Components</Filter>
    </ClInclude>
    <ClInclude Include="src\playerPhysicsComponent.h">
      <Filter>Header Files\Entity-Component\Components</Filter>
    </ClInclude>
    <ClInclude Include="src\map_tile.h">
      <Filter>Header Files\Map</Filter>
    </ClInclude>
    <ClInclude Include="src\map_handler.h">
      <Filter>Header Files\Map</Filter>
    </ClInclude>
    <ClInclude Include="src\post_processing_screen.h">
      <Filter>Header Files\Engine\Graphics\PostProcessing</Filter>
    </ClInclude>
    <ClInclude Include="src\soundManager.h">
      <Filter>Header Files\Audio</Filter>
    </ClInclude>
    <ClInclude Include="src\resource_manager.h">
      <Filter>Header Files\Engine\Graphics\Resource Management</Filter>
    </ClInclude>
    <ClInclude Include="src\resource_loader.h">
      <Filter>Header Files\Engine\Graphics\Resource Management</Filter>
    </ClInclude>
    <ClInclude Include="src\resource_user.h">
      <Filter>Header Files\Engine\Graphics\Resource Management</Filter>
    </ClInclude>
    <ClInclude Include="src\FBO.h">
      <Filter>Header Files\Engine\Graphics\PostProcessing</Filter>
    </ClInclude>
    <ClInclude Include="src\blur_framebuffer.h">
      <Filter>Header Files\Engine\Graphics\PostProcessing</Filter>
    </ClInclude>
    <ClInclude Include="src\audioComponent.h">
      <Filter>Header Files\Entity-Component\Components</Filter>
    </ClInclude>
    <ClInclude Include="src\heightFog.h">
      <Filter>Header Files\Engine\Graphics\PostProcessing</Filter>
    </ClInclude>
    <ClInclude Include="src\heightEffect.h">
      <Filter>Header Files\Effects</Filter>
    </ClInclude>
    <ClInclude Include="src\renderer.h">
      <Filter>Header Files\Engine\Graphics</Filter>
    </ClInclude>
    <ClInclude Include="src\fontGraphicsComponent.h">
      <Filter>Header Files\Entity-Component\Components</Filter>
    </ClInclude>
    <ClInclude Include="src\font.h">
      <Filter>Header Files\Engine\Graphics\Fonts</Filter>
    </ClInclude>
    <ClInclude Include="src\fontManager.h">
      <Filter>Header Files\Engine\Graphics\Fonts</Filter>
    </ClInclude>
    <ClInclude Include="src\dialogueBox.h">
      <Filter>Header Files\Engine\Graphics\Fonts</Filter>
    </ClInclude>
    <ClInclude Include="src\dialogueGraph.h">
      <Filter>Header Files</Filter>
    </ClInclude>
    <ClInclude Include="src\iEvent.h">
      <Filter>Header Files</Filter>
    </ClInclude>
    <ClInclude Include="src\eventFactory.h">
      <Filter>Header Files</Filter>
    </ClInclude>
    <ClInclude Include="src\jsonHandler.h">
      <Filter>Header Files</Filter>
    </ClInclude>
    <ClInclude Include="src\eventMove.h">
      <Filter>Header Files</Filter>
    </ClInclude>
    <ClInclude Include="src\eventManager.h">
      <Filter>Header Files</Filter>
    </ClInclude>
    <ClInclude Include="src\eventQueue.h">
      <Filter>Header Files</Filter>
    </ClInclude>
    <ClInclude Include="src\entityFactory.h">
      <Filter>Header Files</Filter>
    </ClInclude>
    <ClInclude Include="src\eventCaller.h">
      <Filter>Header Files</Filter>
    </ClInclude>
    <ClInclude Include="src\eventMapChange.h">
      <Filter>Header Files</Filter>
    </ClInclude>
    <ClInclude Include="src\eventTeleport.h">
      <Filter>Header Files</Filter>
    </ClInclude>
    <ClInclude Include="src\collisionManager.h">
      <Filter>Header Files</Filter>
    </ClInclude>
    <ClInclude Include="src\fade.h">
      <Filter>Header Files</Filter>
    </ClInclude>
    <ClInclude Include="src\fadeEffect.h">
      <Filter>Header Files</Filter>
    </ClInclude>
  </ItemGroup>
  <ItemGroup>
    <ClCompile Include="src\main.cpp">
      <Filter>Source Files</Filter>
    </ClCompile>
    <ClCompile Include="src\game.cpp">
      <Filter>Source Files\Engine</Filter>
    </ClCompile>
    <ClCompile Include="src\basicEffect.cpp">
      <Filter>Source Files\Effects</Filter>
    </ClCompile>
    <ClCompile Include="src\effect.cpp">
      <Filter>Source Files\Effects</Filter>
    </ClCompile>
    <ClCompile Include="src\define.cpp">
      <Filter>Source Files\Utils</Filter>
    </ClCompile>
    <ClCompile Include="src\scene_world.cpp">
      <Filter>Source Files\Scenes</Filter>
    </ClCompile>
    <ClCompile Include="src\vector3f.cpp">
      <Filter>Source Files\Math</Filter>
    </ClCompile>
    <ClCompile Include="src\utils.cpp">
      <Filter>Source Files\Utils</Filter>
    </ClCompile>
    <ClCompile Include="src\texture.cpp">
      <Filter>Source Files\Engine\Graphics</Filter>
    </ClCompile>
    <ClCompile Include="src\mesh.cpp">
      <Filter>Source Files\Engine\Graphics</Filter>
    </ClCompile>
    <ClCompile Include="src\model.cpp">
      <Filter>Source Files\Engine\Graphics</Filter>
    </ClCompile>
    <ClCompile Include="src\shadowMapFBO.cpp">
      <Filter>Source Files\Engine\Graphics</Filter>
    </ClCompile>
    <ClCompile Include="src\mat4f.cpp">
      <Filter>Source Files\Math</Filter>
    </ClCompile>
    <ClCompile Include="src\mathutils.cpp">
      <Filter>Source Files\Math</Filter>
    </ClCompile>
    <ClCompile Include="src\vertex.cpp">
      <Filter>Source Files\Engine\Graphics</Filter>
    </ClCompile>
    <ClCompile Include="src\scene_manager.cpp">
      <Filter>Source Files\Scenes</Filter>
    </ClCompile>
    <ClCompile Include="src\textureatlas.cpp">
      <Filter>Source Files\Engine\Graphics</Filter>
    </ClCompile>
    <ClCompile Include="src\input_manager.cpp">
      <Filter>Source Files\Engine\Input</Filter>
    </ClCompile>
    <ClCompile Include="src\elapsedTime.cpp">
      <Filter>Source Files\Engine\Backend</Filter>
    </ClCompile>
    <ClCompile Include="src\glutBackend.cpp">
      <Filter>Source Files\Engine\Backend</Filter>
    </ClCompile>
    <ClCompile Include="src\transform.cpp">
      <Filter>Source Files\Engine\Graphics</Filter>
    </ClCompile>
    <ClCompile Include="src\physics_2d.cpp">
      <Filter>Source Files\Engine\Physics</Filter>
    </ClCompile>
    <ClCompile Include="src\animation.cpp">
      <Filter>Source Files\Engine\Graphics</Filter>
    </ClCompile>
    <ClCompile Include="src\blurEffect.cpp">
      <Filter>Source Files\Effects</Filter>
    </ClCompile>
    <ClCompile Include="src\bloomEffect.cpp">
      <Filter>Source Files\Effects</Filter>
    </ClCompile>
    <ClCompile Include="src\combineEffect.cpp">
      <Filter>Source Files\Effects</Filter>
    </ClCompile>
    <ClCompile Include="src\bloom.cpp">
      <Filter>Source Files\Engine\Graphics\PostProcessing</Filter>
    </ClCompile>
    <ClCompile Include="src\trail.cpp">
      <Filter>Source Files\Engine\Graphics\PostProcessing</Filter>
    </ClCompile>
    <ClCompile Include="src\transparencyEffect.cpp">
      <Filter>Source Files\Effects</Filter>
    </ClCompile>
    <ClCompile Include="src\entity.cpp">
      <Filter>Source Files\Entity-Component</Filter>
    </ClCompile>
    <ClCompile Include="src\playerGraphicsComponent.cpp">
      <Filter>Source Files\Entity-Component\Components</Filter>
    </ClCompile>
    <ClCompile Include="src\graphicsComponent.cpp">
      <Filter>Source Files\Entity-Component</Filter>
    </ClCompile>
    <ClCompile Include="src\physicsComponent.cpp">
      <Filter>Source Files\Entity-Component</Filter>
    </ClCompile>
    <ClCompile Include="src\playerInputComponent.cpp">
      <Filter>Source Files\Entity-Component\Components</Filter>
    </ClCompile>
    <ClCompile Include="src\playerPhysicsComponent.cpp">
      <Filter>Source Files\Entity-Component\Components</Filter>
    </ClCompile>
    <ClCompile Include="src\physics.cpp">
      <Filter>Source Files\Engine\Physics</Filter>
    </ClCompile>
    <ClCompile Include="src\resource_manager.cpp">
      <Filter>Source Files\Engine\Graphics\Resource Management</Filter>
    </ClCompile>
    <ClCompile Include="src\resource_loader.cpp">
      <Filter>Source Files\Engine\Graphics\Resource Management</Filter>
    </ClCompile>
    <ClCompile Include="src\blur_framebuffer.cpp">
      <Filter>Source Files\Engine\Graphics\PostProcessing</Filter>
    </ClCompile>
    <ClCompile Include="src\FBO.cpp">
      <Filter>Source Files\Engine\Graphics\PostProcessing</Filter>
    </ClCompile>
    <ClCompile Include="src\map_tile.cpp">
      <Filter>Source Files\Map Management</Filter>
    </ClCompile>
    <ClCompile Include="src\map_handler.cpp">
      <Filter>Source Files\Map Management</Filter>
    </ClCompile>
    <ClCompile Include="src\post_processing_screen.cpp">
      <Filter>Source Files\Engine\Graphics\PostProcessing</Filter>
    </ClCompile>
    <ClCompile Include="src\soundManager.cpp">
      <Filter>Source Files\Audio</Filter>
    </ClCompile>
    <ClCompile Include="src\audioComponent.cpp">
      <Filter>Source Files\Entity-Component\Components</Filter>
    </ClCompile>
    <ClCompile Include="src\postProcessingEffect.cpp">
      <Filter>Source Files\Effects</Filter>
    </ClCompile>
    <ClCompile Include="src\heightFog.cpp">
      <Filter>Source Files\Engine\Graphics\PostProcessing</Filter>
    </ClCompile>
    <ClCompile Include="src\heightEffect.cpp">
      <Filter>Source Files\Effects</Filter>
    </ClCompile>
    <ClCompile Include="src\renderer.cpp">
      <Filter>Source Files\Engine\Graphics</Filter>
    </ClCompile>
    <ClCompile Include="src\fontGraphicsComponent.cpp">
      <Filter>Source Files\Entity-Component\Components</Filter>
    </ClCompile>
    <ClCompile Include="src\inputComponent.cpp">
      <Filter>Source Files\Entity-Component</Filter>
    </ClCompile>
    <ClCompile Include="src\iComponent.cpp">
      <Filter>Source Files\Entity-Component</Filter>
    </ClCompile>
    <ClCompile Include="src\font.cpp">
      <Filter>Source Files\Engine\Graphics\Fonts</Filter>
    </ClCompile>
    <ClCompile Include="src\fontManager.cpp">
      <Filter>Source Files\Engine\Graphics\Fonts</Filter>
    </ClCompile>
    <ClCompile Include="src\dialogueBox.cpp">
      <Filter>Source Files\Engine\Graphics\Fonts</Filter>
    </ClCompile>
    <ClCompile Include="src\dialogueGraph.cpp">
      <Filter>Source Files</Filter>
    </ClCompile>
    <ClCompile Include="src\iEvent.cpp">
      <Filter>Source Files</Filter>
    </ClCompile>
    <ClCompile Include="src\eventFactory.cpp">
      <Filter>Source Files</Filter>
    </ClCompile>
    <ClCompile Include="src\jsonHandler.cpp">
      <Filter>Source Files</Filter>
    </ClCompile>
    <ClCompile Include="src\eventMove.cpp">
      <Filter>Source Files</Filter>
    </ClCompile>
    <ClCompile Include="src\eventManager.cpp">
      <Filter>Source Files</Filter>
    </ClCompile>
    <ClCompile Include="src\eventQueue.cpp">
      <Filter>Source Files</Filter>
    </ClCompile>
    <ClCompile Include="src\entityFactory.cpp">
      <Filter>Source Files</Filter>
    </ClCompile>
    <ClCompile Include="src\eventCaller.cpp">
      <Filter>Source Files</Filter>
    </ClCompile>
    <ClCompile Include="src\eventMapChange.cpp">
      <Filter>Source Files</Filter>
    </ClCompile>
    <ClCompile Include="src\eventTeleport.cpp">
      <Filter>Source Files</Filter>
    </ClCompile>
    <ClCompile Include="src\collisionManager.cpp">
      <Filter>Source Files</Filter>
    </ClCompile>
    <ClCompile Include="src\fade.cpp">
      <Filter>Source Files</Filter>
    </ClCompile>
    <ClCompile Include="src\fadeEffect.cpp">
      <Filter>Source Files</Filter>
    </ClCompile>
  </ItemGroup>
  <ItemGroup>
    <None Include="shaders\ambientLight.fs">
      <Filter>Shaders</Filter>
    </None>
    <None Include="shaders\bloom.fs">
      <Filter>Shaders</Filter>
    </None>
    <None Include="shaders\blur.fs">
      <Filter>Shaders</Filter>
    </None>
    <None Include="shaders\blur.vs">
      <Filter>Shaders</Filter>
    </None>
    <None Include="shaders\combine.fs">
      <Filter>Shaders</Filter>
    </None>
    <None Include="shaders\directionalLight.fs">
      <Filter>Shaders</Filter>
    </None>
    <None Include="shaders\directionalLight.vs">
      <Filter>Shaders</Filter>
    </None>
    <None Include="shaders\gaussian3.fs">
      <Filter>Shaders</Filter>
    </None>
    <None Include="shaders\gaussian9.fs">
      <Filter>Shaders</Filter>
    </None>
    <None Include="shaders\gaussian11.fs">
      <Filter>Shaders</Filter>
    </None>
    <None Include="shaders\heightFog.fs">
      <Filter>Shaders</Filter>
    </None>
    <None Include="shaders\heightFog.vs">
      <Filter>Shaders</Filter>
    </None>
    <None Include="shaders\pointLight.fs">
      <Filter>Shaders</Filter>
    </None>
    <None Include="shaders\pointLight.vs">
      <Filter>Shaders</Filter>
    </None>
    <None Include="shaders\shader.fs">
      <Filter>Shaders</Filter>
    </None>
    <None Include="shaders\shader.vs">
      <Filter>Shaders</Filter>
    </None>
    <None Include="shaders\shadow_map.fs">
      <Filter>Shaders</Filter>
    </None>
    <None Include="shaders\shadow_map.vs">
      <Filter>Shaders</Filter>
    </None>
    <None Include="shaders\transparency.fs">
      <Filter>Shaders</Filter>
    </None>
    <None Include="shaders\bloomDark.fs">
      <Filter>Shaders</Filter>
    </None>
    <None Include="res\data\data.json" />
    <None Include="shaders\fade.fs" />
    <None Include="res\data\3.json" />
  </ItemGroup>
  <ItemGroup>
    <Text Include="TODO.txt" />
  </ItemGroup>
</Project>